
Microsoft Visual Studio Solution File, Format Version 12.00
# Visual Studio Version 16
VisualStudioVersion = 16.0.29324.140
MinimumVisualStudioVersion = 10.0.40219.1
Project("{FAE04EC0-301F-11D3-BF4B-00C04F79EFBC}") = "DIS_Assignment2", "DIS_Assignment2.csproj", "{5DD1BA9E-4CEC-45D4-B047-4F0795FDDD00}"
EndProject
Global
	GlobalSection(SolutionConfigurationPlatforms) = preSolution
		Debug|Any CPU = Debug|Any CPU
		Release|Any CPU = Release|Any CPU
	EndGlobalSection
	GlobalSection(ProjectConfigurationPlatforms) = postSolution
		{5DD1BA9E-4CEC-45D4-B047-4F0795FDDD00}.Debug|Any CPU.ActiveCfg = Debug|Any CPU
		{5DD1BA9E-4CEC-45D4-B047-4F0795FDDD00}.Debug|Any CPU.Build.0 = Debug|Any CPU
		{5DD1BA9E-4CEC-45D4-B047-4F0795FDDD00}.Release|Any CPU.ActiveCfg = Release|Any CPU
		{5DD1BA9E-4CEC-45D4-B047-4F0795FDDD00}.Release|Any CPU.Build.0 = Release|Any CPU
	EndGlobalSection
	GlobalSection(SolutionProperties) = preSolution
		HideSolutionNode = FALSE
	EndGlobalSection
	GlobalSection(ExtensibilityGlobals) = postSolution
		SolutionGuid = {2E3C1017-F7B6-44D3-93BB-A3B70C111BD5}
	EndGlobalSection
EndGlobal
